// !$*UTF8*$!
{
	archiveVersion = 1;
	classes = {
	};
	objectVersion = 46;
	objects = {

/* Begin PBXBuildFile section */
		B96032A122D888F3008A2776 /* main.m in Sources */ = {isa = PBXBuildFile; fileRef = B96032A022D888F3008A2776 /* main.m */; };
		B96032A422D888F3008A2776 /* AppDelegate.m in Sources */ = {isa = PBXBuildFile; fileRef = B96032A322D888F3008A2776 /* AppDelegate.m */; };
		B96032A722D888F3008A2776 /* ViewController.m in Sources */ = {isa = PBXBuildFile; fileRef = B96032A622D888F3008A2776 /* ViewController.m */; };
		B96032AA22D888F3008A2776 /* Main.storyboard in Resources */ = {isa = PBXBuildFile; fileRef = B96032A822D888F3008A2776 /* Main.storyboard */; };
		B96032AC22D888F3008A2776 /* Assets.xcassets in Resources */ = {isa = PBXBuildFile; fileRef = B96032AB22D888F3008A2776 /* Assets.xcassets */; };
		B96032AF22D888F3008A2776 /* LaunchScreen.storyboard in Resources */ = {isa = PBXBuildFile; fileRef = B96032AD22D888F3008A2776 /* LaunchScreen.storyboard */; };
		B96032B822D88FC0008A2776 /* BuyfullSDK.m in Sources */ = {isa = PBXBuildFile; fileRef = B96032B722D88FC0008A2776 /* BuyfullSDK.m */; };
/* End PBXBuildFile section */

/* Begin PBXFileReference section */
		B960329C22D888F3008A2776 /* BuyfullSDK.app */ = {isa = PBXFileReference; explicitFileType = wrapper.application; includeInIndex = 0; path = BuyfullSDK.app; sourceTree = BUILT_PRODUCTS_DIR; };
		B96032A022D888F3008A2776 /* main.m */ = {isa = PBXFileReference; lastKnownFileType = sourcecode.c.objc; path = main.m; sourceTree = "<group>"; };
		B96032A222D888F3008A2776 /* AppDelegate.h */ = {isa = PBXFileReference; lastKnownFileType = sourcecode.c.h; path = AppDelegate.h; sourceTree = "<group>"; };
		B96032A322D888F3008A2776 /* AppDelegate.m */ = {isa = PBXFileReference; lastKnownFileType = sourcecode.c.objc; path = AppDelegate.m; sourceTree = "<group>"; };
		B96032A522D888F3008A2776 /* ViewController.h */ = {isa = PBXFileReference; lastKnownFileType = sourcecode.c.h; path = ViewController.h; sourceTree = "<group>"; };
		B96032A622D888F3008A2776 /* ViewController.m */ = {isa = PBXFileReference; lastKnownFileType = sourcecode.c.objc; path = ViewController.m; sourceTree = "<group>"; };
		B96032A922D888F3008A2776 /* Base */ = {isa = PBXFileReference; lastKnownFileType = file.storyboard; name = Base; path = Base.lproj/Main.storyboard; sourceTree = "<group>"; };
		B96032AB22D888F3008A2776 /* Assets.xcassets */ = {isa = PBXFileReference; lastKnownFileType = folder.assetcatalog; path = Assets.xcassets; sourceTree = "<group>"; };
		B96032AE22D888F3008A2776 /* Base */ = {isa = PBXFileReference; lastKnownFileType = file.storyboard; name = Base; path = Base.lproj/LaunchScreen.storyboard; sourceTree = "<group>"; };
		B96032B022D888F3008A2776 /* Info.plist */ = {isa = PBXFileReference; lastKnownFileType = text.plist.xml; path = Info.plist; sourceTree = "<group>"; };
		B96032B722D88FC0008A2776 /* BuyfullSDK.m */ = {isa = PBXFileReference; fileEncoding = 4; lastKnownFileType = sourcecode.c.objc; path = BuyfullSDK.m; sourceTree = "<group>"; };
		B96032B922D8911A008A2776 /* BuyfullSDK.h */ = {isa = PBXFileReference; lastKnownFileType = sourcecode.c.h; path = BuyfullSDK.h; sourceTree = "<group>"; };
/* End PBXFileReference section */

/* Begin PBXFrameworksBuildPhase section */
		B960329922D888F3008A2776 /* Frameworks */ = {
			isa = PBXFrameworksBuildPhase;
			buildActionMask = 2147483647;
			files = (
			);
			runOnlyForDeploymentPostprocessing = 0;
		};
/* End PBXFrameworksBuildPhase section */

/* Begin PBXGroup section */
		B960329322D888F3008A2776 = {
			isa = PBXGroup;
			children = (
				B960329E22D888F3008A2776 /* BuyfullSDK */,
				B960329D22D888F3008A2776 /* Products */,
			);
			sourceTree = "<group>";
		};
		B960329D22D888F3008A2776 /* Products */ = {
			isa = PBXGroup;
			children = (
				B960329C22D888F3008A2776 /* BuyfullSDK.app */,
			);
			name = Products;
			sourceTree = "<group>";
		};
		B960329E22D888F3008A2776 /* BuyfullSDK */ = {
			isa = PBXGroup;
			children = (
				B96032A222D888F3008A2776 /* AppDelegate.h */,
				B96032A322D888F3008A2776 /* AppDelegate.m */,
				B96032A522D888F3008A2776 /* ViewController.h */,
				B96032A622D888F3008A2776 /* ViewController.m */,
				B96032A822D888F3008A2776 /* Main.storyboard */,
				B96032AB22D888F3008A2776 /* Assets.xcassets */,
				B96032AD22D888F3008A2776 /* LaunchScreen.storyboard */,
				B96032B022D888F3008A2776 /* Info.plist */,
				B960329F22D888F3008A2776 /* Supporting Files */,
				B96032B722D88FC0008A2776 /* BuyfullSDK.m */,
				B96032B922D8911A008A2776 /* BuyfullSDK.h */,
			);
			path = BuyfullSDK;
			sourceTree = "<group>";
		};
		B960329F22D888F3008A2776 /* Supporting Files */ = {
			isa = PBXGroup;
			children = (
				B96032A022D888F3008A2776 /* main.m */,
			);
			name = "Supporting Files";
			sourceTree = "<group>";
		};
/* End PBXGroup section */

/* Begin PBXNativeTarget section */
		B960329B22D888F3008A2776 /* BuyfullSDK */ = {
			isa = PBXNativeTarget;
			buildConfigurationList = B96032B322D888F3008A2776 /* Build configuration list for PBXNativeTarget "BuyfullSDK" */;
			buildPhases = (
				B960329822D888F3008A2776 /* Sources */,
				B960329922D888F3008A2776 /* Frameworks */,
				B960329A22D888F3008A2776 /* Resources */,
			);
			buildRules = (
			);
			dependencies = (
			);
			name = BuyfullSDK;
			productName = BuyfullSDK;
			productReference = B960329C22D888F3008A2776 /* BuyfullSDK.app */;
			productType = "com.apple.product-type.application";
		};
/* End PBXNativeTarget section */

/* Begin PBXProject section */
		B960329422D888F3008A2776 /* Project object */ = {
			isa = PBXProject;
			attributes = {
				LastUpgradeCheck = 0830;
				ORGANIZATIONNAME = buyfull;
				TargetAttributes = {
					B960329B22D888F3008A2776 = {
						CreatedOnToolsVersion = 8.3.3;
						DevelopmentTeam = 79DUZV87DD;
						ProvisioningStyle = Automatic;
					};
				};
			};
			buildConfigurationList = B960329722D888F3008A2776 /* Build configuration list for PBXProject "BuyfullSDK" */;
			compatibilityVersion = "Xcode 3.2";
			developmentRegion = English;
			hasScannedForEncodings = 0;
			knownRegions = (
				en,
				Base,
			);
			mainGroup = B960329322D888F3008A2776;
			productRefGroup = B960329D22D888F3008A2776 /* Products */;
			projectDirPath = "";
			projectRoot = "";
			targets = (
				B960329B22D888F3008A2776 /* BuyfullSDK */,
			);
		};
/* End PBXProject section */

/* Begin PBXResourcesBuildPhase section */
		B960329A22D888F3008A2776 /* Resources */ = {
			isa = PBXResourcesBuildPhase;
			buildActionMask = 2147483647;
			files = (
				B96032AF22D888F3008A2776 /* LaunchScreen.storyboard in Resources */,
				B96032AC22D888F3008A2776 /* Assets.xcassets in Resources */,
				B96032AA22D888F3008A2776 /* Main.storyboard in Resources */,
			);
			runOnlyForDeploymentPostprocessing = 0;
		};
/* End PBXResourcesBuildPhase section */

/* Begin PBXSourcesBuildPhase section */
		B960329822D888F3008A2776 /* Sources */ = {
			isa = PBXSourcesBuildPhase;
			buildActionMask = 2147483647;
			files = (
				B96032B822D88FC0008A2776 /* BuyfullSDK.m in Sources */,
				B96032A722D888F3008A2776 /* ViewController.m in Sources */,
				B96032A422D888F3008A2776 /* AppDelegate.m in Sources */,
				B96032A122D888F3008A2776 /* main.m in Sources */,
			);
			runOnlyForDeploymentPostprocessing = 0;
		};
/* End PBXSourcesBuildPhase section */

/* Begin PBXVariantGroup section */
		B96032A822D888F3008A2776 /* Main.storyboard */ = {
			isa = PBXVariantGroup;
			children = (
				B96032A922D888F3008A2776 /* Base */,
			);
			name = Main.storyboard;
			sourceTree = "<group>";
		};
		B96032AD22D888F3008A2776 /* LaunchScreen.storyboard */ = {
			isa = PBXVariantGroup;
			children = (
				B96032AE22D888F3008A2776 /* Base */,
			);
			name = LaunchScreen.storyboard;
			sourceTree = "<group>";
		};
/* End PBXVariantGroup section */

/* Begin XCBuildConfiguration section */
		B96032B122D888F3008A2776 /* Debug */ = {
			isa = XCBuildConfiguration;
			buildSettings = {
				ALWAYS_SEARCH_USER_PATHS = NO;
				CLANG_ANALYZER_NONNULL = YES;
				CLANG_ANALYZER_NUMBER_OBJECT_CONVERSION = YES_AGGRESSIVE;
				CLANG_CXX_LANGUAGE_STANDARD = "gnu++0x";
				CLANG_CXX_LIBRARY = "libc++";
				CLANG_ENABLE_MODULES = YES;
				CLANG_ENABLE_OBJC_ARC = YES;
				CLANG_WARN_BOOL_CONVERSION = YES;
				CLANG_WARN_CONSTANT_CONVERSION = YES;
				CLANG_WARN_DIRECT_OBJC_ISA_USAGE = YES_ERROR;
				CLANG_WARN_DOCUMENTATION_COMMENTS = YES;
				CLANG_WARN_EMPTY_BODY = YES;
				CLANG_WARN_ENUM_CONVERSION = YES;
				CLANG_WARN_INFINITE_RECURSION = YES;
				CLANG_WARN_INT_CONVERSION = YES;
				CLANG_WARN_OBJC_ROOT_CLASS = YES_ERROR;
				CLANG_WARN_SUSPICIOUS_MOVE = YES;
				CLANG_WARN_UNREACHABLE_CODE = YES;
				CLANG_WARN__DUPLICATE_METHOD_MATCH = YES;
				"CODE_SIGN_IDENTITY[sdk=iphoneos*]" = "iPhone Developer";
				COPY_PHASE_STRIP = NO;
				DEBUG_INFORMATION_FORMAT = dwarf;
				ENABLE_STRICT_OBJC_MSGSEND = YES;
				ENABLE_TESTABILITY = YES;
				GCC_C_LANGUAGE_STANDARD = gnu99;
				GCC_DYNAMIC_NO_PIC = NO;
				GCC_NO_COMMON_BLOCKS = YES;
				GCC_OPTIMIZATION_LEVEL = 0;
				GCC_PREPROCESSOR_DEFINITIONS = (
					"DEBUG=1",
					"$(inherited)",
				);
				GCC_WARN_64_TO_32_BIT_CONVERSION = YES;
				GCC_WARN_ABOUT_RETURN_TYPE = YES_ERROR;
				GCC_WARN_UNDECLARED_SELECTOR = YES;
				GCC_WARN_UNINITIALIZED_AUTOS = YES_AGGRESSIVE;
				GCC_WARN_UNUSED_FUNCTION = YES;
				GCC_WARN_UNUSED_VARIABLE = YES;
				IPHONEOS_DEPLOYMENT_TARGET = 10.3;
				MTL_ENABLE_DEBUG_INFO = YES;
				ONLY_ACTIVE_ARCH = YES;
				SDKROOT = iphoneos;
			};
			name = Debug;
		};
		B96032B222D888F3008A2776 /* Release */ = {
			isa = XCBuildConfiguration;
			buildSettings = {
				ALWAYS_SEARCH_USER_PATHS = NO;
				CLANG_ANALYZER_NONNULL = YES;
				CLANG_ANALYZER_NUMBER_OBJECT_CONVERSION = YES_AGGRESSIVE;
				CLANG_CXX_LANGUAGE_STANDARD = "gnu++0x";
				CLANG_CXX_LIBRARY = "libc++";
				CLANG_ENABLE_MODULES = YES;
				CLANG_ENABLE_OBJC_ARC = YES;
				CLANG_WARN_BOOL_CONVERSION = YES;
				CLANG_WARN_CONSTANT_CONVERSION = YES;
				CLANG_WARN_DIRECT_OBJC_ISA_USAGE = YES_ERROR;
				CLANG_WARN_DOCUMENTATION_COMMENTS = YES;
				CLANG_WARN_EMPTY_BODY = YES;
				CLANG_WARN_ENUM_CONVERSION = YES;
				CLANG_WARN_INFINITE_RECURSION = YES;
				CLANG_WARN_INT_CONVERSION = YES;
				CLANG_WARN_OBJC_ROOT_CLASS = YES_ERROR;
				CLANG_WARN_SUSPICIOUS_MOVE = YES;
				CLANG_WARN_UNREACHABLE_CODE = YES;
				CLANG_WARN__DUPLICATE_METHOD_MATCH = YES;
				"CODE_SIGN_IDENTITY[sdk=iphoneos*]" = "iPhone Developer";
				COPY_PHASE_STRIP = NO;
				DEBUG_INFORMATION_FORMAT = "dwarf-with-dsym";
				ENABLE_NS_ASSERTIONS = NO;
				ENABLE_STRICT_OBJC_MSGSEND = YES;
				GCC_C_LANGUAGE_STANDARD = gnu99;
				GCC_NO_COMMON_BLOCKS = YES;
				GCC_WARN_64_TO_32_BIT_CONVERSION = YES;
				GCC_WARN_ABOUT_RETURN_TYPE = YES_ERROR;
				GCC_WARN_UNDECLARED_SELECTOR = YES;
				GCC_WARN_UNINITIALIZED_AUTOS = YES_AGGRESSIVE;
				GCC_WARN_UNUSED_FUNCTION = YES;
				GCC_WARN_UNUSED_VARIABLE = YES;
				IPHONEOS_DEPLOYMENT_TARGET = 10.3;
				MTL_ENABLE_DEBUG_INFO = NO;
				SDKROOT = iphoneos;
				VALIDATE_PRODUCT = YES;
			};
			name = Release;
		};
		B96032B422D888F3008A2776 /* Debug */ = {
			isa = XCBuildConfiguration;
			buildSettings = {
				ASSETCATALOG_COMPILER_APPICON_NAME = AppIcon;
				DEVELOPMENT_TEAM = 79DUZV87DD;
				INFOPLIST_FILE = BuyfullSDK/Info.plist;
				IPHONEOS_DEPLOYMENT_TARGET = 9.1;
				LD_RUNPATH_SEARCH_PATHS = "$(inherited) @executable_path/Frameworks";
				PRODUCT_BUNDLE_IDENTIFIER = com.buyfull.BuyfullSDK;
				PRODUCT_NAME = "$(TARGET_NAME)";
			};
			name = Debug;
		};
		B96032B522D888F3008A2776 /* Release */ = {
			isa = XCBuildConfiguration;
			buildSettings = {
				ASSETCATALOG_COMPILER_APPICON_NAME = AppIcon;
				DEVELOPMENT_TEAM = 79DUZV87DD;
				INFOPLIST_FILE = BuyfullSDK/Info.plist;
				IPHONEOS_DEPLOYMENT_TARGET = 9.1;
				LD_RUNPATH_SEARCH_PATHS = "$(inherited) @executable_path/Frameworks";
				PRODUCT_BUNDLE_IDENTIFIER = com.buyfull.BuyfullSDK;
				PRODUCT_NAME = "$(TARGET_NAME)";
			};
			name = Release;
		};
/* End XCBuildConfiguration section */

/* Begin XCConfigurationList section */
		B960329722D888F3008A2776 /* Build configuration list for PBXProject "BuyfullSDK" */ = {
			isa = XCConfigurationList;
			buildConfigurations = (
				B96032B122D888F3008A2776 /* Debug */,
				B96032B222D888F3008A2776 /* Release */,
			);
			defaultConfigurationIsVisible = 0;
			defaultConfigurationName = Release;
		};
		B96032B322D888F3008A2776 /* Build configuration list for PBXNativeTarget "BuyfullSDK" */ = {
			isa = XCConfigurationList;
			buildConfigurations = (
				B96032B422D888F3008A2776 /* Debug */,
				B96032B522D888F3008A2776 /* Release */,
			);
			defaultConfigurationIsVisible = 0;
			defaultConfigurationName = Release;
		};
/* End XCConfigurationList section */
	};
	rootObject = B960329422D888F3008A2776 /* Project object */;
}
